
Microsoft Visual Studio Solution File, Format Version 12.00
# Visual Studio Version 17
VisualStudioVersion = 17.7.34202.233
MinimumVisualStudioVersion = 10.0.40219.1
Project("{FAE04EC0-301F-11D3-BF4B-00C04F79EFBC}") = "LABA8", "LABA8\LABA8.csproj", "{5AF7081E-1B9B-48F3-B07A-C182FB947309}"
EndProject
Global
	GlobalSection(SolutionConfigurationPlatforms) = preSolution
		Debug|Any CPU = Debug|Any CPU
		Release|Any CPU = Release|Any CPU
	EndGlobalSection
	GlobalSection(ProjectConfigurationPlatforms) = postSolution
		{5AF7081E-1B9B-48F3-B07A-C182FB947309}.Debug|Any CPU.ActiveCfg = Debug|Any CPU
		{5AF7081E-1B9B-48F3-B07A-C182FB947309}.Debug|Any CPU.Build.0 = Debug|Any CPU
		{5AF7081E-1B9B-48F3-B07A-C182FB947309}.Release|Any CPU.ActiveCfg = Release|Any CPU
		{5AF7081E-1B9B-48F3-B07A-C182FB947309}.Release|Any CPU.Build.0 = Release|Any CPU
	EndGlobalSection
	GlobalSection(SolutionProperties) = preSolution
		HideSolutionNode = FALSE
	EndGlobalSection
	GlobalSection(ExtensibilityGlobals) = postSolution
		SolutionGuid = {BEB40B7C-2075-4A4E-BBDF-8C4516894B8F}
	EndGlobalSection
EndGlobal
